
Microsoft Visual Studio Solution File, Format Version 12.00
# Visual Studio Version 17
VisualStudioVersion = 17.0.31919.166
MinimumVisualStudioVersion = 10.0.40219.1
Project("{2150E333-8FDC-42A3-9474-1A3956D46DE8}") = "src", "src", "{0D15A89D-EA46-4ABC-9B92-9C92976F9462}"
EndProject
Project("{2150E333-8FDC-42A3-9474-1A3956D46DE8}") = "test", "test", "{27772957-6809-4D55-877C-AC483BA9612A}"
EndProject
Project("{FAE04EC0-301F-11D3-BF4B-00C04F79EFBC}") = "Utroof.Core", "src\Utroof.Core\Utroof.Core.csproj", "{12A1C6F8-7EA8-4A9F-B5F8-9CAA2FF7E7A4}"
EndProject
Project("{FAE04EC0-301F-11D3-BF4B-00C04F79EFBC}") = "Utroof.Core.Test", "test\Utroof.Core.Test\Utroof.Core.Test.csproj", "{E7B9849C-93F3-429A-AEEB-D2A71BBAC58A}"
EndProject
Global
	GlobalSection(SolutionConfigurationPlatforms) = preSolution
		Debug|Any CPU = Debug|Any CPU
		Release|Any CPU = Release|Any CPU
	EndGlobalSection
	GlobalSection(ProjectConfigurationPlatforms) = postSolution
		{12A1C6F8-7EA8-4A9F-B5F8-9CAA2FF7E7A4}.Debug|Any CPU.ActiveCfg = Debug|Any CPU
		{12A1C6F8-7EA8-4A9F-B5F8-9CAA2FF7E7A4}.Debug|Any CPU.Build.0 = Debug|Any CPU
		{12A1C6F8-7EA8-4A9F-B5F8-9CAA2FF7E7A4}.Release|Any CPU.ActiveCfg = Release|Any CPU
		{12A1C6F8-7EA8-4A9F-B5F8-9CAA2FF7E7A4}.Release|Any CPU.Build.0 = Release|Any CPU
		{E7B9849C-93F3-429A-AEEB-D2A71BBAC58A}.Debug|Any CPU.ActiveCfg = Debug|Any CPU
		{E7B9849C-93F3-429A-AEEB-D2A71BBAC58A}.Debug|Any CPU.Build.0 = Debug|Any CPU
		{E7B9849C-93F3-429A-AEEB-D2A71BBAC58A}.Release|Any CPU.ActiveCfg = Release|Any CPU
		{E7B9849C-93F3-429A-AEEB-D2A71BBAC58A}.Release|Any CPU.Build.0 = Release|Any CPU
	EndGlobalSection
	GlobalSection(SolutionProperties) = preSolution
		HideSolutionNode = FALSE
	EndGlobalSection
	GlobalSection(NestedProjects) = preSolution
		{12A1C6F8-7EA8-4A9F-B5F8-9CAA2FF7E7A4} = {0D15A89D-EA46-4ABC-9B92-9C92976F9462}
		{E7B9849C-93F3-429A-AEEB-D2A71BBAC58A} = {27772957-6809-4D55-877C-AC483BA9612A}
	EndGlobalSection
	GlobalSection(ExtensibilityGlobals) = postSolution
		SolutionGuid = {8B4C2621-F536-4B94-B33B-1646F9E34B9D}
	EndGlobalSection
EndGlobal
